
Microsoft Visual Studio Solution File, Format Version 12.00
# Visual Studio Version 16
VisualStudioVersion = 16.0.30320.27
MinimumVisualStudioVersion = 10.0.40219.1
Project("{FAE04EC0-301F-11D3-BF4B-00C04F79EFBC}") = "DataAccessLayer", "DataAccessLayer.csproj", "{9EE6697C-2B61-48BD-893E-3A38F3D7D719}"
EndProject
Global
	GlobalSection(SolutionConfigurationPlatforms) = preSolution
		Debug|Any CPU = Debug|Any CPU
		Release|Any CPU = Release|Any CPU
	EndGlobalSection
	GlobalSection(ProjectConfigurationPlatforms) = postSolution
		{9EE6697C-2B61-48BD-893E-3A38F3D7D719}.Debug|Any CPU.ActiveCfg = Debug|Any CPU
		{9EE6697C-2B61-48BD-893E-3A38F3D7D719}.Debug|Any CPU.Build.0 = Debug|Any CPU
		{9EE6697C-2B61-48BD-893E-3A38F3D7D719}.Release|Any CPU.ActiveCfg = Release|Any CPU
		{9EE6697C-2B61-48BD-893E-3A38F3D7D719}.Release|Any CPU.Build.0 = Release|Any CPU
	EndGlobalSection
	GlobalSection(SolutionProperties) = preSolution
		HideSolutionNode = FALSE
	EndGlobalSection
	GlobalSection(ExtensibilityGlobals) = postSolution
		SolutionGuid = {3C71D2F8-C436-4845-B46F-020059EA4101}
	EndGlobalSection
EndGlobal
