
Microsoft Visual Studio Solution File, Format Version 12.00
# Visual Studio Version 16
VisualStudioVersion = 16.0.30320.27
MinimumVisualStudioVersion = 10.0.40219.1
Project("{FAE04EC0-301F-11D3-BF4B-00C04F79EFBC}") = "ServiceLayer", "ServiceLayer.csproj", "{123D5A4E-2B15-4AE7-BB73-43F70E3EABDD}"
EndProject
Global
	GlobalSection(SolutionConfigurationPlatforms) = preSolution
		Debug|Any CPU = Debug|Any CPU
		Release|Any CPU = Release|Any CPU
	EndGlobalSection
	GlobalSection(ProjectConfigurationPlatforms) = postSolution
		{123D5A4E-2B15-4AE7-BB73-43F70E3EABDD}.Debug|Any CPU.ActiveCfg = Debug|Any CPU
		{123D5A4E-2B15-4AE7-BB73-43F70E3EABDD}.Debug|Any CPU.Build.0 = Debug|Any CPU
		{123D5A4E-2B15-4AE7-BB73-43F70E3EABDD}.Release|Any CPU.ActiveCfg = Release|Any CPU
		{123D5A4E-2B15-4AE7-BB73-43F70E3EABDD}.Release|Any CPU.Build.0 = Release|Any CPU
	EndGlobalSection
	GlobalSection(SolutionProperties) = preSolution
		HideSolutionNode = FALSE
	EndGlobalSection
	GlobalSection(ExtensibilityGlobals) = postSolution
		SolutionGuid = {668275A3-9683-4EEE-B48F-E5BF721CF932}
	EndGlobalSection
EndGlobal
